// !$*UTF8*$!
{
	archiveVersion = 1;
	classes = {
	};
	objectVersion = 55;
	objects = {

/* Begin PBXBuildFile section */
		5F6C9DCD28606328002C38E1 /* struct.swift in Sources */ = {isa = PBXBuildFile; fileRef = 5F6C9DCC28606328002C38E1 /* struct.swift */; };
		671D57AD285CCC0C00307D20 /* ViewRouter.swift in Sources */ = {isa = PBXBuildFile; fileRef = 671D57AC285CCC0C00307D20 /* ViewRouter.swift */; };
		676C4CD628605E9E00FE8185 /* LoginView.swift in Sources */ = {isa = PBXBuildFile; fileRef = 676C4CD528605E9E00FE8185 /* LoginView.swift */; };
		676C4CDE286066E500FE8185 /* SignUpItemView.swift in Sources */ = {isa = PBXBuildFile; fileRef = 676C4CDD286066E500FE8185 /* SignUpItemView.swift */; };
		676C4CE028606C5000FE8185 /* SignWithItemView.swift in Sources */ = {isa = PBXBuildFile; fileRef = 676C4CDF28606C5000FE8185 /* SignWithItemView.swift */; };
		676C4CE42860792200FE8185 /* NoSignItemView.swift in Sources */ = {isa = PBXBuildFile; fileRef = 676C4CE32860792200FE8185 /* NoSignItemView.swift */; };
		676C4CE928607B4D00FE8185 /* ConnexionView.swift in Sources */ = {isa = PBXBuildFile; fileRef = 676C4CE828607B4D00FE8185 /* ConnexionView.swift */; };
		676C4CEC28607D6400FE8185 /* TextFieldItemView.swift in Sources */ = {isa = PBXBuildFile; fileRef = 676C4CEB28607D6400FE8185 /* TextFieldItemView.swift */; };
		6790B0CB2860F81B008F425A /* CoTitleItemView.swift in Sources */ = {isa = PBXBuildFile; fileRef = 6790B0CA2860F81B008F425A /* CoTitleItemView.swift */; };
		67D5B3DA2861B3A4006C9228 /* InscriptionView.swift in Sources */ = {isa = PBXBuildFile; fileRef = 67D5B3D92861B3A4006C9228 /* InscriptionView.swift */; };
		9F2084A9285C6EDC00EB8AC5 /* AsteriaApp.swift in Sources */ = {isa = PBXBuildFile; fileRef = 9F2084A8285C6EDC00EB8AC5 /* AsteriaApp.swift */; };
		9F2084AB285C6EDC00EB8AC5 /* MainView.swift in Sources */ = {isa = PBXBuildFile; fileRef = 9F2084AA285C6EDC00EB8AC5 /* MainView.swift */; };
		9F2084AD285C6EDD00EB8AC5 /* Assets.xcassets in Resources */ = {isa = PBXBuildFile; fileRef = 9F2084AC285C6EDD00EB8AC5 /* Assets.xcassets */; };
		9F2084B0285C6EDD00EB8AC5 /* Preview Assets.xcassets in Resources */ = {isa = PBXBuildFile; fileRef = 9F2084AF285C6EDD00EB8AC5 /* Preview Assets.xcassets */; };
		9F2084B7285C6F0600EB8AC5 /* .gitignore in Resources */ = {isa = PBXBuildFile; fileRef = 9F2084B6285C6F0600EB8AC5 /* .gitignore */; };
		9F76C3BC285C71EA0095D087 /* MehdiWIP.swift in Sources */ = {isa = PBXBuildFile; fileRef = 9F76C3BB285C71EA0095D087 /* MehdiWIP.swift */; };
		9F76C3BE285C71F60095D087 /* VeroWIP.swift in Sources */ = {isa = PBXBuildFile; fileRef = 9F76C3BD285C71F60095D087 /* VeroWIP.swift */; };
		9F76C3C0285C71FF0095D087 /* CollectionCardFront.swift in Sources */ = {isa = PBXBuildFile; fileRef = 9F76C3BF285C71FF0095D087 /* CollectionCardFront.swift */; };
		9F949BF128605E080001DC72 /* ProgressionBar.swift in Sources */ = {isa = PBXBuildFile; fileRef = 9F949BF028605E080001DC72 /* ProgressionBar.swift */; };
		9F949BF32860621A0001DC72 /* ScoreBar.swift in Sources */ = {isa = PBXBuildFile; fileRef = 9F949BF22860621A0001DC72 /* ScoreBar.swift */; };
		9F949BF528606F760001DC72 /* TutoView.swift in Sources */ = {isa = PBXBuildFile; fileRef = 9F949BF428606F760001DC72 /* TutoView.swift */; };
		9F978360285C8E3300B11604 /* QACard.swift in Sources */ = {isa = PBXBuildFile; fileRef = 9F97835F285C8E3300B11604 /* QACard.swift */; };
		9F978366285C953800B11604 /* .gitattributes in Resources */ = {isa = PBXBuildFile; fileRef = 9F978365285C953800B11604 /* .gitattributes */; };
		9F978368285CA33700B11604 /* QACardAnswer.swift in Sources */ = {isa = PBXBuildFile; fileRef = 9F978367285CA33700B11604 /* QACardAnswer.swift */; };
		9FD1F6CE285C8A3C00C26900 /* Montserrat-Italic.ttf in Resources */ = {isa = PBXBuildFile; fileRef = 9FD1F6CC285C8A3C00C26900 /* Montserrat-Italic.ttf */; };
		9FD1F6CF285C8A3C00C26900 /* Montserrat.ttf in Resources */ = {isa = PBXBuildFile; fileRef = 9FD1F6CD285C8A3C00C26900 /* Montserrat.ttf */; };
		A7C48F38285CABB800D47D05 /* CollectionCardBack.swift in Sources */ = {isa = PBXBuildFile; fileRef = A7C48F37285CABB800D47D05 /* CollectionCardBack.swift */; };
/* End PBXBuildFile section */

/* Begin PBXFileReference section */
		5F6C9DCC28606328002C38E1 /* struct.swift */ = {isa = PBXFileReference; lastKnownFileType = sourcecode.swift; path = struct.swift; sourceTree = "<group>"; };
		671D57AC285CCC0C00307D20 /* ViewRouter.swift */ = {isa = PBXFileReference; lastKnownFileType = sourcecode.swift; path = ViewRouter.swift; sourceTree = "<group>"; };
		676C4CD528605E9E00FE8185 /* LoginView.swift */ = {isa = PBXFileReference; lastKnownFileType = sourcecode.swift; path = LoginView.swift; sourceTree = "<group>"; };
		676C4CDD286066E500FE8185 /* SignUpItemView.swift */ = {isa = PBXFileReference; lastKnownFileType = sourcecode.swift; path = SignUpItemView.swift; sourceTree = "<group>"; };
		676C4CDF28606C5000FE8185 /* SignWithItemView.swift */ = {isa = PBXFileReference; lastKnownFileType = sourcecode.swift; path = SignWithItemView.swift; sourceTree = "<group>"; };
		676C4CE32860792200FE8185 /* NoSignItemView.swift */ = {isa = PBXFileReference; lastKnownFileType = sourcecode.swift; path = NoSignItemView.swift; sourceTree = "<group>"; };
		676C4CE828607B4D00FE8185 /* ConnexionView.swift */ = {isa = PBXFileReference; lastKnownFileType = sourcecode.swift; path = ConnexionView.swift; sourceTree = "<group>"; };
		676C4CEB28607D6400FE8185 /* TextFieldItemView.swift */ = {isa = PBXFileReference; lastKnownFileType = sourcecode.swift; path = TextFieldItemView.swift; sourceTree = "<group>"; };
		6790B0CA2860F81B008F425A /* CoTitleItemView.swift */ = {isa = PBXFileReference; lastKnownFileType = sourcecode.swift; path = CoTitleItemView.swift; sourceTree = "<group>"; };
		67D5B3D92861B3A4006C9228 /* InscriptionView.swift */ = {isa = PBXFileReference; lastKnownFileType = sourcecode.swift; path = InscriptionView.swift; sourceTree = "<group>"; };
		9F2084A5285C6EDC00EB8AC5 /* Asteria.app */ = {isa = PBXFileReference; explicitFileType = wrapper.application; includeInIndex = 0; path = Asteria.app; sourceTree = BUILT_PRODUCTS_DIR; };
		9F2084A8285C6EDC00EB8AC5 /* AsteriaApp.swift */ = {isa = PBXFileReference; lastKnownFileType = sourcecode.swift; path = AsteriaApp.swift; sourceTree = "<group>"; };
		9F2084AA285C6EDC00EB8AC5 /* MainView.swift */ = {isa = PBXFileReference; lastKnownFileType = sourcecode.swift; path = MainView.swift; sourceTree = "<group>"; };
		9F2084AC285C6EDD00EB8AC5 /* Assets.xcassets */ = {isa = PBXFileReference; lastKnownFileType = folder.assetcatalog; path = Assets.xcassets; sourceTree = "<group>"; };
		9F2084AF285C6EDD00EB8AC5 /* Preview Assets.xcassets */ = {isa = PBXFileReference; lastKnownFileType = folder.assetcatalog; path = "Preview Assets.xcassets"; sourceTree = "<group>"; };
		9F2084B6285C6F0600EB8AC5 /* .gitignore */ = {isa = PBXFileReference; fileEncoding = 4; lastKnownFileType = text; path = .gitignore; sourceTree = SOURCE_ROOT; };
		9F76C3BB285C71EA0095D087 /* MehdiWIP.swift */ = {isa = PBXFileReference; lastKnownFileType = sourcecode.swift; path = MehdiWIP.swift; sourceTree = "<group>"; };
		9F76C3BD285C71F60095D087 /* VeroWIP.swift */ = {isa = PBXFileReference; lastKnownFileType = sourcecode.swift; path = VeroWIP.swift; sourceTree = "<group>"; };
		9F76C3BF285C71FF0095D087 /* CollectionCardFront.swift */ = {isa = PBXFileReference; lastKnownFileType = sourcecode.swift; path = CollectionCardFront.swift; sourceTree = "<group>"; };
		9F949BF028605E080001DC72 /* ProgressionBar.swift */ = {isa = PBXFileReference; lastKnownFileType = sourcecode.swift; path = ProgressionBar.swift; sourceTree = "<group>"; };
		9F949BF22860621A0001DC72 /* ScoreBar.swift */ = {isa = PBXFileReference; lastKnownFileType = sourcecode.swift; path = ScoreBar.swift; sourceTree = "<group>"; };
		9F949BF428606F760001DC72 /* TutoView.swift */ = {isa = PBXFileReference; lastKnownFileType = sourcecode.swift; path = TutoView.swift; sourceTree = "<group>"; };
		9F97835F285C8E3300B11604 /* QACard.swift */ = {isa = PBXFileReference; lastKnownFileType = sourcecode.swift; path = QACard.swift; sourceTree = "<group>"; };
		9F978365285C953800B11604 /* .gitattributes */ = {isa = PBXFileReference; fileEncoding = 4; lastKnownFileType = text; path = .gitattributes; sourceTree = SOURCE_ROOT; };
		9F978367285CA33700B11604 /* QACardAnswer.swift */ = {isa = PBXFileReference; lastKnownFileType = sourcecode.swift; path = QACardAnswer.swift; sourceTree = "<group>"; };
		9FD1F6CC285C8A3C00C26900 /* Montserrat-Italic.ttf */ = {isa = PBXFileReference; lastKnownFileType = file; path = "Montserrat-Italic.ttf"; sourceTree = "<group>"; };
		9FD1F6CD285C8A3C00C26900 /* Montserrat.ttf */ = {isa = PBXFileReference; lastKnownFileType = file; path = Montserrat.ttf; sourceTree = "<group>"; };
		9FD1F6D0285C8A4D00C26900 /* Info.plist */ = {isa = PBXFileReference; lastKnownFileType = text.plist; path = Info.plist; sourceTree = "<group>"; };
		A7C48F37285CABB800D47D05 /* CollectionCardBack.swift */ = {isa = PBXFileReference; lastKnownFileType = sourcecode.swift; path = CollectionCardBack.swift; sourceTree = "<group>"; };
/* End PBXFileReference section */

/* Begin PBXFrameworksBuildPhase section */
		9F2084A2285C6EDC00EB8AC5 /* Frameworks */ = {
			isa = PBXFrameworksBuildPhase;
			buildActionMask = 2147483647;
			files = (
			);
			runOnlyForDeploymentPostprocessing = 0;
		};
/* End PBXFrameworksBuildPhase section */

/* Begin PBXGroup section */
		676C4CD428605DFF00FE8185 /* Login */ = {
			isa = PBXGroup;
			children = (
				67D5B3D82861B373006C9228 /* InscriptionScreen */,
				676C4CE728607B1A00FE8185 /* ConnexionScreen */,
				676C4CE528607AAF00FE8185 /* LoginScreen */,
			);
			path = Login;
			sourceTree = "<group>";
		};
		676C4CE528607AAF00FE8185 /* LoginScreen */ = {
			isa = PBXGroup;
			children = (
				676C4CD528605E9E00FE8185 /* LoginView.swift */,
				676C4CE628607AE000FE8185 /* LoginItemView */,
			);
			path = LoginScreen;
			sourceTree = "<group>";
		};
		676C4CE628607AE000FE8185 /* LoginItemView */ = {
			isa = PBXGroup;
			children = (
				676C4CDD286066E500FE8185 /* SignUpItemView.swift */,
				676C4CDF28606C5000FE8185 /* SignWithItemView.swift */,
				676C4CE32860792200FE8185 /* NoSignItemView.swift */,
			);
			path = LoginItemView;
			sourceTree = "<group>";
		};
		676C4CE728607B1A00FE8185 /* ConnexionScreen */ = {
			isa = PBXGroup;
			children = (
				676C4CE828607B4D00FE8185 /* ConnexionView.swift */,
				676C4CEA28607B7600FE8185 /* ConnexionItemView */,
			);
			path = ConnexionScreen;
			sourceTree = "<group>";
		};
		676C4CEA28607B7600FE8185 /* ConnexionItemView */ = {
			isa = PBXGroup;
			children = (
				676C4CEB28607D6400FE8185 /* TextFieldItemView.swift */,
				6790B0CA2860F81B008F425A /* CoTitleItemView.swift */,
			);
			path = ConnexionItemView;
			sourceTree = "<group>";
		};
		67D5B3D82861B373006C9228 /* InscriptionScreen */ = {
			isa = PBXGroup;
			children = (
				67D5B3D92861B3A4006C9228 /* InscriptionView.swift */,
			);
			path = InscriptionScreen;
			sourceTree = "<group>";
		};
		9F20849C285C6EDC00EB8AC5 = {
			isa = PBXGroup;
			children = (
				5F6C9DCC28606328002C38E1 /* struct.swift */,
				9F2084A7285C6EDC00EB8AC5 /* Asteria */,
				9F2084A6285C6EDC00EB8AC5 /* Products */,
			);
			sourceTree = "<group>";
		};
		9F2084A6285C6EDC00EB8AC5 /* Products */ = {
			isa = PBXGroup;
			children = (
				9F2084A5285C6EDC00EB8AC5 /* Asteria.app */,
			);
			name = Products;
			sourceTree = "<group>";
		};
		9F2084A7285C6EDC00EB8AC5 /* Asteria */ = {
			isa = PBXGroup;
			children = (
				9FD1F6D0285C8A4D00C26900 /* Info.plist */,
				676C4CD428605DFF00FE8185 /* Login */,
				9F76C3B6285C719A0095D087 /* DevFeatures */,
				9F2084A8285C6EDC00EB8AC5 /* AsteriaApp.swift */,
				9F2084AA285C6EDC00EB8AC5 /* MainView.swift */,
				671D57AC285CCC0C00307D20 /* ViewRouter.swift */,
				9F949BF428606F760001DC72 /* TutoView.swift */,
				9F2084AC285C6EDD00EB8AC5 /* Assets.xcassets */,
				9F2084AE285C6EDD00EB8AC5 /* Preview Content */,
			);
			path = Asteria;
			sourceTree = "<group>";
		};
		9F2084AE285C6EDD00EB8AC5 /* Preview Content */ = {
			isa = PBXGroup;
			children = (
				9FD1F6CC285C8A3C00C26900 /* Montserrat-Italic.ttf */,
				9FD1F6CD285C8A3C00C26900 /* Montserrat.ttf */,
				9F2084B6285C6F0600EB8AC5 /* .gitignore */,
				9F2084AF285C6EDD00EB8AC5 /* Preview Assets.xcassets */,
				9F978365285C953800B11604 /* .gitattributes */,
			);
			path = "Preview Content";
			sourceTree = "<group>";
		};
		9F76C3B6285C719A0095D087 /* DevFeatures */ = {
			isa = PBXGroup;
			children = (
				9F76C3BB285C71EA0095D087 /* MehdiWIP.swift */,
				9F76C3BD285C71F60095D087 /* VeroWIP.swift */,
				9F76C3BF285C71FF0095D087 /* CollectionCardFront.swift */,
				A7C48F37285CABB800D47D05 /* CollectionCardBack.swift */,
				9F97835F285C8E3300B11604 /* QACard.swift */,
				9F978367285CA33700B11604 /* QACardAnswer.swift */,
				9F949BF028605E080001DC72 /* ProgressionBar.swift */,
				9F949BF22860621A0001DC72 /* ScoreBar.swift */,
			);
			path = DevFeatures;
			sourceTree = "<group>";
		};
/* End PBXGroup section */

/* Begin PBXNativeTarget section */
		9F2084A4285C6EDC00EB8AC5 /* Asteria */ = {
			isa = PBXNativeTarget;
			buildConfigurationList = 9F2084B3285C6EDD00EB8AC5 /* Build configuration list for PBXNativeTarget "Asteria" */;
			buildPhases = (
				9F2084A1285C6EDC00EB8AC5 /* Sources */,
				9F2084A2285C6EDC00EB8AC5 /* Frameworks */,
				9F2084A3285C6EDC00EB8AC5 /* Resources */,
			);
			buildRules = (
			);
			dependencies = (
			);
			name = Asteria;
			productName = Asteria;
			productReference = 9F2084A5285C6EDC00EB8AC5 /* Asteria.app */;
			productType = "com.apple.product-type.application";
		};
/* End PBXNativeTarget section */

/* Begin PBXProject section */
		9F20849D285C6EDC00EB8AC5 /* Project object */ = {
			isa = PBXProject;
			attributes = {
				BuildIndependentTargetsInParallel = 1;
				LastSwiftUpdateCheck = 1340;
				LastUpgradeCheck = 1340;
				TargetAttributes = {
					9F2084A4285C6EDC00EB8AC5 = {
						CreatedOnToolsVersion = 13.4.1;
					};
				};
			};
			buildConfigurationList = 9F2084A0285C6EDC00EB8AC5 /* Build configuration list for PBXProject "Asteria" */;
			compatibilityVersion = "Xcode 13.0";
			developmentRegion = en;
			hasScannedForEncodings = 0;
			knownRegions = (
				en,
				Base,
			);
			mainGroup = 9F20849C285C6EDC00EB8AC5;
			productRefGroup = 9F2084A6285C6EDC00EB8AC5 /* Products */;
			projectDirPath = "";
			projectRoot = "";
			targets = (
				9F2084A4285C6EDC00EB8AC5 /* Asteria */,
			);
		};
/* End PBXProject section */

/* Begin PBXResourcesBuildPhase section */
		9F2084A3285C6EDC00EB8AC5 /* Resources */ = {
			isa = PBXResourcesBuildPhase;
			buildActionMask = 2147483647;
			files = (
				9F2084B0285C6EDD00EB8AC5 /* Preview Assets.xcassets in Resources */,
				9F978366285C953800B11604 /* .gitattributes in Resources */,
				9FD1F6CF285C8A3C00C26900 /* Montserrat.ttf in Resources */,
				9F2084B7285C6F0600EB8AC5 /* .gitignore in Resources */,
				9F2084AD285C6EDD00EB8AC5 /* Assets.xcassets in Resources */,
				9FD1F6CE285C8A3C00C26900 /* Montserrat-Italic.ttf in Resources */,
			);
			runOnlyForDeploymentPostprocessing = 0;
		};
/* End PBXResourcesBuildPhase section */

/* Begin PBXSourcesBuildPhase section */
		9F2084A1285C6EDC00EB8AC5 /* Sources */ = {
			isa = PBXSourcesBuildPhase;
			buildActionMask = 2147483647;
			files = (
				9F949BF528606F760001DC72 /* TutoView.swift in Sources */,
				A7C48F38285CABB800D47D05 /* CollectionCardBack.swift in Sources */,
				67D5B3DA2861B3A4006C9228 /* InscriptionView.swift in Sources */,
				9F949BF32860621A0001DC72 /* ScoreBar.swift in Sources */,
				9F76C3BE285C71F60095D087 /* VeroWIP.swift in Sources */,
				676C4CE928607B4D00FE8185 /* ConnexionView.swift in Sources */,
				671D57AD285CCC0C00307D20 /* ViewRouter.swift in Sources */,
				6790B0CB2860F81B008F425A /* CoTitleItemView.swift in Sources */,
				676C4CE42860792200FE8185 /* NoSignItemView.swift in Sources */,
				676C4CEC28607D6400FE8185 /* TextFieldItemView.swift in Sources */,
				676C4CE028606C5000FE8185 /* SignWithItemView.swift in Sources */,
				9F978368285CA33700B11604 /* QACardAnswer.swift in Sources */,
				5F6C9DCD28606328002C38E1 /* struct.swift in Sources */,
				9F2084AB285C6EDC00EB8AC5 /* MainView.swift in Sources */,
				9F949BF128605E080001DC72 /* ProgressionBar.swift in Sources */,
				9F76C3C0285C71FF0095D087 /* CollectionCardFront.swift in Sources */,
				9F2084A9285C6EDC00EB8AC5 /* AsteriaApp.swift in Sources */,
				676C4CDE286066E500FE8185 /* SignUpItemView.swift in Sources */,
				9F978360285C8E3300B11604 /* QACard.swift in Sources */,
				676C4CD628605E9E00FE8185 /* LoginView.swift in Sources */,
				9F76C3BC285C71EA0095D087 /* MehdiWIP.swift in Sources */,
			);
			runOnlyForDeploymentPostprocessing = 0;
		};
/* End PBXSourcesBuildPhase section */

/* Begin XCBuildConfiguration section */
		9F2084B1285C6EDD00EB8AC5 /* Debug */ = {
			isa = XCBuildConfiguration;
			buildSettings = {
				ALWAYS_SEARCH_USER_PATHS = NO;
				CLANG_ANALYZER_NONNULL = YES;
				CLANG_ANALYZER_NUMBER_OBJECT_CONVERSION = YES_AGGRESSIVE;
				CLANG_CXX_LANGUAGE_STANDARD = "gnu++17";
				CLANG_ENABLE_MODULES = YES;
				CLANG_ENABLE_OBJC_ARC = YES;
				CLANG_ENABLE_OBJC_WEAK = YES;
				CLANG_WARN_BLOCK_CAPTURE_AUTORELEASING = YES;
				CLANG_WARN_BOOL_CONVERSION = YES;
				CLANG_WARN_COMMA = YES;
				CLANG_WARN_CONSTANT_CONVERSION = YES;
				CLANG_WARN_DEPRECATED_OBJC_IMPLEMENTATIONS = YES;
				CLANG_WARN_DIRECT_OBJC_ISA_USAGE = YES_ERROR;
				CLANG_WARN_DOCUMENTATION_COMMENTS = YES;
				CLANG_WARN_EMPTY_BODY = YES;
				CLANG_WARN_ENUM_CONVERSION = YES;
				CLANG_WARN_INFINITE_RECURSION = YES;
				CLANG_WARN_INT_CONVERSION = YES;
				CLANG_WARN_NON_LITERAL_NULL_CONVERSION = YES;
				CLANG_WARN_OBJC_IMPLICIT_RETAIN_SELF = YES;
				CLANG_WARN_OBJC_LITERAL_CONVERSION = YES;
				CLANG_WARN_OBJC_ROOT_CLASS = YES_ERROR;
				CLANG_WARN_QUOTED_INCLUDE_IN_FRAMEWORK_HEADER = YES;
				CLANG_WARN_RANGE_LOOP_ANALYSIS = YES;
				CLANG_WARN_STRICT_PROTOTYPES = YES;
				CLANG_WARN_SUSPICIOUS_MOVE = YES;
				CLANG_WARN_UNGUARDED_AVAILABILITY = YES_AGGRESSIVE;
				CLANG_WARN_UNREACHABLE_CODE = YES;
				CLANG_WARN__DUPLICATE_METHOD_MATCH = YES;
				COPY_PHASE_STRIP = NO;
				DEBUG_INFORMATION_FORMAT = dwarf;
				ENABLE_STRICT_OBJC_MSGSEND = YES;
				ENABLE_TESTABILITY = YES;
				GCC_C_LANGUAGE_STANDARD = gnu11;
				GCC_DYNAMIC_NO_PIC = NO;
				GCC_NO_COMMON_BLOCKS = YES;
				GCC_OPTIMIZATION_LEVEL = 0;
				GCC_PREPROCESSOR_DEFINITIONS = (
					"DEBUG=1",
					"$(inherited)",
				);
				GCC_WARN_64_TO_32_BIT_CONVERSION = YES;
				GCC_WARN_ABOUT_RETURN_TYPE = YES_ERROR;
				GCC_WARN_UNDECLARED_SELECTOR = YES;
				GCC_WARN_UNINITIALIZED_AUTOS = YES_AGGRESSIVE;
				GCC_WARN_UNUSED_FUNCTION = YES;
				GCC_WARN_UNUSED_VARIABLE = YES;
				IPHONEOS_DEPLOYMENT_TARGET = 15.5;
				MTL_ENABLE_DEBUG_INFO = INCLUDE_SOURCE;
				MTL_FAST_MATH = YES;
				ONLY_ACTIVE_ARCH = YES;
				SDKROOT = iphoneos;
				SWIFT_ACTIVE_COMPILATION_CONDITIONS = DEBUG;
				SWIFT_OPTIMIZATION_LEVEL = "-Onone";
			};
			name = Debug;
		};
		9F2084B2285C6EDD00EB8AC5 /* Release */ = {
			isa = XCBuildConfiguration;
			buildSettings = {
				ALWAYS_SEARCH_USER_PATHS = NO;
				CLANG_ANALYZER_NONNULL = YES;
				CLANG_ANALYZER_NUMBER_OBJECT_CONVERSION = YES_AGGRESSIVE;
				CLANG_CXX_LANGUAGE_STANDARD = "gnu++17";
				CLANG_ENABLE_MODULES = YES;
				CLANG_ENABLE_OBJC_ARC = YES;
				CLANG_ENABLE_OBJC_WEAK = YES;
				CLANG_WARN_BLOCK_CAPTURE_AUTORELEASING = YES;
				CLANG_WARN_BOOL_CONVERSION = YES;
				CLANG_WARN_COMMA = YES;
				CLANG_WARN_CONSTANT_CONVERSION = YES;
				CLANG_WARN_DEPRECATED_OBJC_IMPLEMENTATIONS = YES;
				CLANG_WARN_DIRECT_OBJC_ISA_USAGE = YES_ERROR;
				CLANG_WARN_DOCUMENTATION_COMMENTS = YES;
				CLANG_WARN_EMPTY_BODY = YES;
				CLANG_WARN_ENUM_CONVERSION = YES;
				CLANG_WARN_INFINITE_RECURSION = YES;
				CLANG_WARN_INT_CONVERSION = YES;
				CLANG_WARN_NON_LITERAL_NULL_CONVERSION = YES;
				CLANG_WARN_OBJC_IMPLICIT_RETAIN_SELF = YES;
				CLANG_WARN_OBJC_LITERAL_CONVERSION = YES;
				CLANG_WARN_OBJC_ROOT_CLASS = YES_ERROR;
				CLANG_WARN_QUOTED_INCLUDE_IN_FRAMEWORK_HEADER = YES;
				CLANG_WARN_RANGE_LOOP_ANALYSIS = YES;
				CLANG_WARN_STRICT_PROTOTYPES = YES;
				CLANG_WARN_SUSPICIOUS_MOVE = YES;
				CLANG_WARN_UNGUARDED_AVAILABILITY = YES_AGGRESSIVE;
				CLANG_WARN_UNREACHABLE_CODE = YES;
				CLANG_WARN__DUPLICATE_METHOD_MATCH = YES;
				COPY_PHASE_STRIP = NO;
				DEBUG_INFORMATION_FORMAT = "dwarf-with-dsym";
				ENABLE_NS_ASSERTIONS = NO;
				ENABLE_STRICT_OBJC_MSGSEND = YES;
				GCC_C_LANGUAGE_STANDARD = gnu11;
				GCC_NO_COMMON_BLOCKS = YES;
				GCC_WARN_64_TO_32_BIT_CONVERSION = YES;
				GCC_WARN_ABOUT_RETURN_TYPE = YES_ERROR;
				GCC_WARN_UNDECLARED_SELECTOR = YES;
				GCC_WARN_UNINITIALIZED_AUTOS = YES_AGGRESSIVE;
				GCC_WARN_UNUSED_FUNCTION = YES;
				GCC_WARN_UNUSED_VARIABLE = YES;
				IPHONEOS_DEPLOYMENT_TARGET = 15.5;
				MTL_ENABLE_DEBUG_INFO = NO;
				MTL_FAST_MATH = YES;
				SDKROOT = iphoneos;
				SWIFT_COMPILATION_MODE = wholemodule;
				SWIFT_OPTIMIZATION_LEVEL = "-O";
				VALIDATE_PRODUCT = YES;
			};
			name = Release;
		};
		9F2084B4285C6EDD00EB8AC5 /* Debug */ = {
			isa = XCBuildConfiguration;
			buildSettings = {
				ASSETCATALOG_COMPILER_APPICON_NAME = AppIcon;
				ASSETCATALOG_COMPILER_GLOBAL_ACCENT_COLOR_NAME = AccentColor;
				CODE_SIGN_STYLE = Automatic;
				CURRENT_PROJECT_VERSION = 1;
				DEVELOPMENT_ASSET_PATHS = "\"Asteria/Preview Content\"";
				DEVELOPMENT_TEAM = 3LU75T9498;
				ENABLE_PREVIEWS = YES;
				GENERATE_INFOPLIST_FILE = YES;
				INFOPLIST_FILE = Asteria/Info.plist;
				INFOPLIST_KEY_UIApplicationSceneManifest_Generation = YES;
				INFOPLIST_KEY_UIApplicationSupportsIndirectInputEvents = YES;
				INFOPLIST_KEY_UILaunchScreen_Generation = YES;
				INFOPLIST_KEY_UISupportedInterfaceOrientations_iPad = "UIInterfaceOrientationPortrait UIInterfaceOrientationPortraitUpsideDown UIInterfaceOrientationLandscapeLeft UIInterfaceOrientationLandscapeRight";
				INFOPLIST_KEY_UISupportedInterfaceOrientations_iPhone = "UIInterfaceOrientationPortrait UIInterfaceOrientationLandscapeLeft UIInterfaceOrientationLandscapeRight";
				LD_RUNPATH_SEARCH_PATHS = (
					"$(inherited)",
					"@executable_path/Frameworks",
				);
				MARKETING_VERSION = 1.0;
				PRODUCT_BUNDLE_IDENTIFIER = TheiaTeam.Asteria;
				PRODUCT_NAME = "$(TARGET_NAME)";
				SWIFT_EMIT_LOC_STRINGS = YES;
				SWIFT_VERSION = 5.0;
				TARGETED_DEVICE_FAMILY = "1,2";
			};
			name = Debug;
		};
		9F2084B5285C6EDD00EB8AC5 /* Release */ = {
			isa = XCBuildConfiguration;
			buildSettings = {
				ASSETCATALOG_COMPILER_APPICON_NAME = AppIcon;
				ASSETCATALOG_COMPILER_GLOBAL_ACCENT_COLOR_NAME = AccentColor;
				CODE_SIGN_STYLE = Automatic;
				CURRENT_PROJECT_VERSION = 1;
				DEVELOPMENT_ASSET_PATHS = "\"Asteria/Preview Content\"";
				DEVELOPMENT_TEAM = 3LU75T9498;
				ENABLE_PREVIEWS = YES;
				GENERATE_INFOPLIST_FILE = YES;
				INFOPLIST_FILE = Asteria/Info.plist;
				INFOPLIST_KEY_UIApplicationSceneManifest_Generation = YES;
				INFOPLIST_KEY_UIApplicationSupportsIndirectInputEvents = YES;
				INFOPLIST_KEY_UILaunchScreen_Generation = YES;
				INFOPLIST_KEY_UISupportedInterfaceOrientations_iPad = "UIInterfaceOrientationPortrait UIInterfaceOrientationPortraitUpsideDown UIInterfaceOrientationLandscapeLeft UIInterfaceOrientationLandscapeRight";
				INFOPLIST_KEY_UISupportedInterfaceOrientations_iPhone = "UIInterfaceOrientationPortrait UIInterfaceOrientationLandscapeLeft UIInterfaceOrientationLandscapeRight";
				LD_RUNPATH_SEARCH_PATHS = (
					"$(inherited)",
					"@executable_path/Frameworks",
				);
				MARKETING_VERSION = 1.0;
				PRODUCT_BUNDLE_IDENTIFIER = TheiaTeam.Asteria;
				PRODUCT_NAME = "$(TARGET_NAME)";
				SWIFT_EMIT_LOC_STRINGS = YES;
				SWIFT_VERSION = 5.0;
				TARGETED_DEVICE_FAMILY = "1,2";
			};
			name = Release;
		};
/* End XCBuildConfiguration section */

/* Begin XCConfigurationList section */
		9F2084A0285C6EDC00EB8AC5 /* Build configuration list for PBXProject "Asteria" */ = {
			isa = XCConfigurationList;
			buildConfigurations = (
				9F2084B1285C6EDD00EB8AC5 /* Debug */,
				9F2084B2285C6EDD00EB8AC5 /* Release */,
			);
			defaultConfigurationIsVisible = 0;
			defaultConfigurationName = Release;
		};
		9F2084B3285C6EDD00EB8AC5 /* Build configuration list for PBXNativeTarget "Asteria" */ = {
			isa = XCConfigurationList;
			buildConfigurations = (
				9F2084B4285C6EDD00EB8AC5 /* Debug */,
				9F2084B5285C6EDD00EB8AC5 /* Release */,
			);
			defaultConfigurationIsVisible = 0;
			defaultConfigurationName = Release;
		};
/* End XCConfigurationList section */
	};
	rootObject = 9F20849D285C6EDC00EB8AC5 /* Project object */;
}
